// !$*UTF8*$!
{
	archiveVersion = 1;
	classes = {
	};
	objectVersion = 52;
	objects = {

/* Begin PBXBuildFile section */
		3D75A1BB2698FEB90029E452 /* DetailsView.swift in Sources */ = {isa = PBXBuildFile; fileRef = 3D75A1BA2698FEB90029E452 /* DetailsView.swift */; };
		3D75A1BD269901CA0029E452 /* RoundedCorners.swift in Sources */ = {isa = PBXBuildFile; fileRef = 3D75A1BC269901CA0029E452 /* RoundedCorners.swift */; };
		3DCC639E268B0F2400CB356F /* PopularMoviesApp.swift in Sources */ = {isa = PBXBuildFile; fileRef = 3DCC639D268B0F2400CB356F /* PopularMoviesApp.swift */; };
		3DCC63A0268B0F2400CB356F /* ContentView.swift in Sources */ = {isa = PBXBuildFile; fileRef = 3DCC639F268B0F2400CB356F /* ContentView.swift */; };
		3DCC63A2268B0F3600CB356F /* Assets.xcassets in Resources */ = {isa = PBXBuildFile; fileRef = 3DCC63A1268B0F3600CB356F /* Assets.xcassets */; };
		3DCC63A5268B0F3600CB356F /* Preview Assets.xcassets in Resources */ = {isa = PBXBuildFile; fileRef = 3DCC63A4268B0F3600CB356F /* Preview Assets.xcassets */; };
		3DCC63BF268B1CB800CB356F /* MovieViewModel.swift in Sources */ = {isa = PBXBuildFile; fileRef = 3DCC63BE268B1CB800CB356F /* MovieViewModel.swift */; };
		3DCC63C2268B1DB600CB356F /* Discover.swift in Sources */ = {isa = PBXBuildFile; fileRef = 3DCC63C1268B1DB600CB356F /* Discover.swift */; };
		3DCC63C5268B1F8700CB356F /* SDWebImageSwiftUI in Frameworks */ = {isa = PBXBuildFile; productRef = 3DCC63C4268B1F8700CB356F /* SDWebImageSwiftUI */; };
		3DCC63C7268B21E100CB356F /* README.md in Resources */ = {isa = PBXBuildFile; fileRef = 3DCC63C6268B21E100CB356F /* README.md */; };
/* End PBXBuildFile section */

/* Begin PBXFileReference section */
		3D75A1BA2698FEB90029E452 /* DetailsView.swift */ = {isa = PBXFileReference; lastKnownFileType = sourcecode.swift; path = DetailsView.swift; sourceTree = "<group>"; };
		3D75A1BC269901CA0029E452 /* RoundedCorners.swift */ = {isa = PBXFileReference; lastKnownFileType = sourcecode.swift; path = RoundedCorners.swift; sourceTree = "<group>"; };
		3DCC639A268B0F2400CB356F /* PopularMovies.app */ = {isa = PBXFileReference; explicitFileType = wrapper.application; includeInIndex = 0; path = PopularMovies.app; sourceTree = BUILT_PRODUCTS_DIR; };
		3DCC639D268B0F2400CB356F /* PopularMoviesApp.swift */ = {isa = PBXFileReference; lastKnownFileType = sourcecode.swift; path = PopularMoviesApp.swift; sourceTree = "<group>"; };
		3DCC639F268B0F2400CB356F /* ContentView.swift */ = {isa = PBXFileReference; lastKnownFileType = sourcecode.swift; path = ContentView.swift; sourceTree = "<group>"; };
		3DCC63A1268B0F3600CB356F /* Assets.xcassets */ = {isa = PBXFileReference; lastKnownFileType = folder.assetcatalog; path = Assets.xcassets; sourceTree = "<group>"; };
		3DCC63A4268B0F3600CB356F /* Preview Assets.xcassets */ = {isa = PBXFileReference; lastKnownFileType = folder.assetcatalog; path = "Preview Assets.xcassets"; sourceTree = "<group>"; };
		3DCC63A6268B0F3600CB356F /* Info.plist */ = {isa = PBXFileReference; lastKnownFileType = text.plist.xml; path = Info.plist; sourceTree = "<group>"; };
		3DCC63BE268B1CB800CB356F /* MovieViewModel.swift */ = {isa = PBXFileReference; lastKnownFileType = sourcecode.swift; path = MovieViewModel.swift; sourceTree = "<group>"; };
		3DCC63C1268B1DB600CB356F /* Discover.swift */ = {isa = PBXFileReference; lastKnownFileType = sourcecode.swift; path = Discover.swift; sourceTree = "<group>"; };
		3DCC63C6268B21E100CB356F /* README.md */ = {isa = PBXFileReference; lastKnownFileType = net.daringfireball.markdown; path = README.md; sourceTree = "<group>"; };
/* End PBXFileReference section */

/* Begin PBXFrameworksBuildPhase section */
		3DCC6397268B0F2400CB356F /* Frameworks */ = {
			isa = PBXFrameworksBuildPhase;
			buildActionMask = 2147483647;
			files = (
				3DCC63C5268B1F8700CB356F /* SDWebImageSwiftUI in Frameworks */,
			);
			runOnlyForDeploymentPostprocessing = 0;
		};
/* End PBXFrameworksBuildPhase section */

/* Begin PBXGroup section */
		3D75A1B92698FEB10029E452 /* View */ = {
			isa = PBXGroup;
			children = (
				3D75A1BA2698FEB90029E452 /* DetailsView.swift */,
				3D75A1BC269901CA0029E452 /* RoundedCorners.swift */,
			);
			path = View;
			sourceTree = "<group>";
		};
		3DCC6391268B0F2400CB356F = {
			isa = PBXGroup;
			children = (
				3DCC63C6268B21E100CB356F /* README.md */,
				3DCC639C268B0F2400CB356F /* PopularMovies */,
				3DCC639B268B0F2400CB356F /* Products */,
			);
			sourceTree = "<group>";
		};
		3DCC639B268B0F2400CB356F /* Products */ = {
			isa = PBXGroup;
			children = (
				3DCC639A268B0F2400CB356F /* PopularMovies.app */,
			);
			name = Products;
			sourceTree = "<group>";
		};
		3DCC639C268B0F2400CB356F /* PopularMovies */ = {
			isa = PBXGroup;
			children = (
				3D75A1B92698FEB10029E452 /* View */,
				3DCC63C0268B1DAA00CB356F /* Model */,
				3DCC63BD268B1CAC00CB356F /* ViewModel */,
				3DCC639D268B0F2400CB356F /* PopularMoviesApp.swift */,
				3DCC639F268B0F2400CB356F /* ContentView.swift */,
				3DCC63A1268B0F3600CB356F /* Assets.xcassets */,
				3DCC63A6268B0F3600CB356F /* Info.plist */,
				3DCC63A3268B0F3600CB356F /* Preview Content */,
			);
			path = PopularMovies;
			sourceTree = "<group>";
		};
		3DCC63A3268B0F3600CB356F /* Preview Content */ = {
			isa = PBXGroup;
			children = (
				3DCC63A4268B0F3600CB356F /* Preview Assets.xcassets */,
			);
			path = "Preview Content";
			sourceTree = "<group>";
		};
		3DCC63BD268B1CAC00CB356F /* ViewModel */ = {
			isa = PBXGroup;
			children = (
				3DCC63BE268B1CB800CB356F /* MovieViewModel.swift */,
			);
			path = ViewModel;
			sourceTree = "<group>";
		};
		3DCC63C0268B1DAA00CB356F /* Model */ = {
			isa = PBXGroup;
			children = (
				3DCC63C1268B1DB600CB356F /* Discover.swift */,
			);
			path = Model;
			sourceTree = "<group>";
		};
/* End PBXGroup section */

/* Begin PBXNativeTarget section */
		3DCC6399268B0F2400CB356F /* PopularMovies */ = {
			isa = PBXNativeTarget;
			buildConfigurationList = 3DCC63A9268B0F3600CB356F /* Build configuration list for PBXNativeTarget "PopularMovies" */;
			buildPhases = (
				3DCC6396268B0F2400CB356F /* Sources */,
				3DCC6397268B0F2400CB356F /* Frameworks */,
				3DCC6398268B0F2400CB356F /* Resources */,
			);
			buildRules = (
			);
			dependencies = (
			);
			name = PopularMovies;
			packageProductDependencies = (
				3DCC63C4268B1F8700CB356F /* SDWebImageSwiftUI */,
			);
			productName = PopularMovies;
			productReference = 3DCC639A268B0F2400CB356F /* PopularMovies.app */;
			productType = "com.apple.product-type.application";
		};
/* End PBXNativeTarget section */

/* Begin PBXProject section */
		3DCC6392268B0F2400CB356F /* Project object */ = {
			isa = PBXProject;
			attributes = {
				LastSwiftUpdateCheck = 1250;
				LastUpgradeCheck = 1250;
				TargetAttributes = {
					3DCC6399268B0F2400CB356F = {
						CreatedOnToolsVersion = 12.5;
					};
				};
			};
			buildConfigurationList = 3DCC6395268B0F2400CB356F /* Build configuration list for PBXProject "PopularMovies" */;
			compatibilityVersion = "Xcode 9.3";
			developmentRegion = en;
			hasScannedForEncodings = 0;
			knownRegions = (
				en,
				Base,
			);
			mainGroup = 3DCC6391268B0F2400CB356F;
			packageReferences = (
				3DCC63C3268B1F8700CB356F /* XCRemoteSwiftPackageReference "SDWebImageSwiftUI" */,
			);
			productRefGroup = 3DCC639B268B0F2400CB356F /* Products */;
			projectDirPath = "";
			projectRoot = "";
			targets = (
				3DCC6399268B0F2400CB356F /* PopularMovies */,
			);
		};
/* End PBXProject section */

/* Begin PBXResourcesBuildPhase section */
		3DCC6398268B0F2400CB356F /* Resources */ = {
			isa = PBXResourcesBuildPhase;
			buildActionMask = 2147483647;
			files = (
				3DCC63C7268B21E100CB356F /* README.md in Resources */,
				3DCC63A5268B0F3600CB356F /* Preview Assets.xcassets in Resources */,
				3DCC63A2268B0F3600CB356F /* Assets.xcassets in Resources */,
			);
			runOnlyForDeploymentPostprocessing = 0;
		};
/* End PBXResourcesBuildPhase section */

/* Begin PBXSourcesBuildPhase section */
		3DCC6396268B0F2400CB356F /* Sources */ = {
			isa = PBXSourcesBuildPhase;
			buildActionMask = 2147483647;
			files = (
				3DCC63C2268B1DB600CB356F /* Discover.swift in Sources */,
				3D75A1BB2698FEB90029E452 /* DetailsView.swift in Sources */,
				3DCC63A0268B0F2400CB356F /* ContentView.swift in Sources */,
				3DCC639E268B0F2400CB356F /* PopularMoviesApp.swift in Sources */,
				3D75A1BD269901CA0029E452 /* RoundedCorners.swift in Sources */,
				3DCC63BF268B1CB800CB356F /* MovieViewModel.swift in Sources */,
			);
			runOnlyForDeploymentPostprocessing = 0;
		};
/* End PBXSourcesBuildPhase section */

/* Begin XCBuildConfiguration section */
		3DCC63A7268B0F3600CB356F /* Debug */ = {
			isa = XCBuildConfiguration;
			buildSettings = {
				ALWAYS_SEARCH_USER_PATHS = NO;
				CLANG_ANALYZER_NONNULL = YES;
				CLANG_ANALYZER_NUMBER_OBJECT_CONVERSION = YES_AGGRESSIVE;
				CLANG_CXX_LANGUAGE_STANDARD = "gnu++14";
				CLANG_CXX_LIBRARY = "libc++";
				CLANG_ENABLE_MODULES = YES;
				CLANG_ENABLE_OBJC_ARC = YES;
				CLANG_ENABLE_OBJC_WEAK = YES;
				CLANG_WARN_BLOCK_CAPTURE_AUTORELEASING = YES;
				CLANG_WARN_BOOL_CONVERSION = YES;
				CLANG_WARN_COMMA = YES;
				CLANG_WARN_CONSTANT_CONVERSION = YES;
				CLANG_WARN_DEPRECATED_OBJC_IMPLEMENTATIONS = YES;
				CLANG_WARN_DIRECT_OBJC_ISA_USAGE = YES_ERROR;
				CLANG_WARN_DOCUMENTATION_COMMENTS = YES;
				CLANG_WARN_EMPTY_BODY = YES;
				CLANG_WARN_ENUM_CONVERSION = YES;
				CLANG_WARN_INFINITE_RECURSION = YES;
				CLANG_WARN_INT_CONVERSION = YES;
				CLANG_WARN_NON_LITERAL_NULL_CONVERSION = YES;
				CLANG_WARN_OBJC_IMPLICIT_RETAIN_SELF = YES;
				CLANG_WARN_OBJC_LITERAL_CONVERSION = YES;
				CLANG_WARN_OBJC_ROOT_CLASS = YES_ERROR;
				CLANG_WARN_QUOTED_INCLUDE_IN_FRAMEWORK_HEADER = YES;
				CLANG_WARN_RANGE_LOOP_ANALYSIS = YES;
				CLANG_WARN_STRICT_PROTOTYPES = YES;
				CLANG_WARN_SUSPICIOUS_MOVE = YES;
				CLANG_WARN_UNGUARDED_AVAILABILITY = YES_AGGRESSIVE;
				CLANG_WARN_UNREACHABLE_CODE = YES;
				CLANG_WARN__DUPLICATE_METHOD_MATCH = YES;
				COPY_PHASE_STRIP = NO;
				DEBUG_INFORMATION_FORMAT = dwarf;
				ENABLE_STRICT_OBJC_MSGSEND = YES;
				ENABLE_TESTABILITY = YES;
				GCC_C_LANGUAGE_STANDARD = gnu11;
				GCC_DYNAMIC_NO_PIC = NO;
				GCC_NO_COMMON_BLOCKS = YES;
				GCC_OPTIMIZATION_LEVEL = 0;
				GCC_PREPROCESSOR_DEFINITIONS = (
					"DEBUG=1",
					"$(inherited)",
				);
				GCC_WARN_64_TO_32_BIT_CONVERSION = YES;
				GCC_WARN_ABOUT_RETURN_TYPE = YES_ERROR;
				GCC_WARN_UNDECLARED_SELECTOR = YES;
				GCC_WARN_UNINITIALIZED_AUTOS = YES_AGGRESSIVE;
				GCC_WARN_UNUSED_FUNCTION = YES;
				GCC_WARN_UNUSED_VARIABLE = YES;
				IPHONEOS_DEPLOYMENT_TARGET = 14.5;
				MTL_ENABLE_DEBUG_INFO = INCLUDE_SOURCE;
				MTL_FAST_MATH = YES;
				ONLY_ACTIVE_ARCH = YES;
				SDKROOT = iphoneos;
				SWIFT_ACTIVE_COMPILATION_CONDITIONS = DEBUG;
				SWIFT_OPTIMIZATION_LEVEL = "-Onone";
			};
			name = Debug;
		};
		3DCC63A8268B0F3600CB356F /* Release */ = {
			isa = XCBuildConfiguration;
			buildSettings = {
				ALWAYS_SEARCH_USER_PATHS = NO;
				CLANG_ANALYZER_NONNULL = YES;
				CLANG_ANALYZER_NUMBER_OBJECT_CONVERSION = YES_AGGRESSIVE;
				CLANG_CXX_LANGUAGE_STANDARD = "gnu++14";
				CLANG_CXX_LIBRARY = "libc++";
				CLANG_ENABLE_MODULES = YES;
				CLANG_ENABLE_OBJC_ARC = YES;
				CLANG_ENABLE_OBJC_WEAK = YES;
				CLANG_WARN_BLOCK_CAPTURE_AUTORELEASING = YES;
				CLANG_WARN_BOOL_CONVERSION = YES;
				CLANG_WARN_COMMA = YES;
				CLANG_WARN_CONSTANT_CONVERSION = YES;
				CLANG_WARN_DEPRECATED_OBJC_IMPLEMENTATIONS = YES;
				CLANG_WARN_DIRECT_OBJC_ISA_USAGE = YES_ERROR;
				CLANG_WARN_DOCUMENTATION_COMMENTS = YES;
				CLANG_WARN_EMPTY_BODY = YES;
				CLANG_WARN_ENUM_CONVERSION = YES;
				CLANG_WARN_INFINITE_RECURSION = YES;
				CLANG_WARN_INT_CONVERSION = YES;
				CLANG_WARN_NON_LITERAL_NULL_CONVERSION = YES;
				CLANG_WARN_OBJC_IMPLICIT_RETAIN_SELF = YES;
				CLANG_WARN_OBJC_LITERAL_CONVERSION = YES;
				CLANG_WARN_OBJC_ROOT_CLASS = YES_ERROR;
				CLANG_WARN_QUOTED_INCLUDE_IN_FRAMEWORK_HEADER = YES;
				CLANG_WARN_RANGE_LOOP_ANALYSIS = YES;
				CLANG_WARN_STRICT_PROTOTYPES = YES;
				CLANG_WARN_SUSPICIOUS_MOVE = YES;
				CLANG_WARN_UNGUARDED_AVAILABILITY = YES_AGGRESSIVE;
				CLANG_WARN_UNREACHABLE_CODE = YES;
				CLANG_WARN__DUPLICATE_METHOD_MATCH = YES;
				COPY_PHASE_STRIP = NO;
				DEBUG_INFORMATION_FORMAT = "dwarf-with-dsym";
				ENABLE_NS_ASSERTIONS = NO;
				ENABLE_STRICT_OBJC_MSGSEND = YES;
				GCC_C_LANGUAGE_STANDARD = gnu11;
				GCC_NO_COMMON_BLOCKS = YES;
				GCC_WARN_64_TO_32_BIT_CONVERSION = YES;
				GCC_WARN_ABOUT_RETURN_TYPE = YES_ERROR;
				GCC_WARN_UNDECLARED_SELECTOR = YES;
				GCC_WARN_UNINITIALIZED_AUTOS = YES_AGGRESSIVE;
				GCC_WARN_UNUSED_FUNCTION = YES;
				GCC_WARN_UNUSED_VARIABLE = YES;
				IPHONEOS_DEPLOYMENT_TARGET = 14.5;
				MTL_ENABLE_DEBUG_INFO = NO;
				MTL_FAST_MATH = YES;
				SDKROOT = iphoneos;
				SWIFT_COMPILATION_MODE = wholemodule;
				SWIFT_OPTIMIZATION_LEVEL = "-O";
				VALIDATE_PRODUCT = YES;
			};
			name = Release;
		};
		3DCC63AA268B0F3600CB356F /* Debug */ = {
			isa = XCBuildConfiguration;
			buildSettings = {
				ASSETCATALOG_COMPILER_APPICON_NAME = AppIcon;
				ASSETCATALOG_COMPILER_GLOBAL_ACCENT_COLOR_NAME = AccentColor;
				CODE_SIGN_STYLE = Automatic;
				DEVELOPMENT_ASSET_PATHS = "\"PopularMovies/Preview Content\"";
				ENABLE_PREVIEWS = YES;
				INFOPLIST_FILE = PopularMovies/Info.plist;
				IPHONEOS_DEPLOYMENT_TARGET = 14.0;
				LD_RUNPATH_SEARCH_PATHS = (
					"$(inherited)",
					"@executable_path/Frameworks",
				);
				PRODUCT_BUNDLE_IDENTIFIER = io.github.rphlfc.PopularMovies;
				PRODUCT_NAME = "$(TARGET_NAME)";
				SWIFT_VERSION = 5.0;
				TARGETED_DEVICE_FAMILY = "1,2";
			};
			name = Debug;
		};
		3DCC63AB268B0F3600CB356F /* Release */ = {
			isa = XCBuildConfiguration;
			buildSettings = {
				ASSETCATALOG_COMPILER_APPICON_NAME = AppIcon;
				ASSETCATALOG_COMPILER_GLOBAL_ACCENT_COLOR_NAME = AccentColor;
				CODE_SIGN_STYLE = Automatic;
				DEVELOPMENT_ASSET_PATHS = "\"PopularMovies/Preview Content\"";
				ENABLE_PREVIEWS = YES;
				INFOPLIST_FILE = PopularMovies/Info.plist;
				IPHONEOS_DEPLOYMENT_TARGET = 14.0;
				LD_RUNPATH_SEARCH_PATHS = (
					"$(inherited)",
					"@executable_path/Frameworks",
				);
				PRODUCT_BUNDLE_IDENTIFIER = io.github.rphlfc.PopularMovies;
				PRODUCT_NAME = "$(TARGET_NAME)";
				SWIFT_VERSION = 5.0;
				TARGETED_DEVICE_FAMILY = "1,2";
			};
			name = Release;
		};
/* End XCBuildConfiguration section */

/* Begin XCConfigurationList section */
		3DCC6395268B0F2400CB356F /* Build configuration list for PBXProject "PopularMovies" */ = {
			isa = XCConfigurationList;
			buildConfigurations = (
				3DCC63A7268B0F3600CB356F /* Debug */,
				3DCC63A8268B0F3600CB356F /* Release */,
			);
			defaultConfigurationIsVisible = 0;
			defaultConfigurationName = Release;
		};
		3DCC63A9268B0F3600CB356F /* Build configuration list for PBXNativeTarget "PopularMovies" */ = {
			isa = XCConfigurationList;
			buildConfigurations = (
				3DCC63AA268B0F3600CB356F /* Debug */,
				3DCC63AB268B0F3600CB356F /* Release */,
			);
			defaultConfigurationIsVisible = 0;
			defaultConfigurationName = Release;
		};
/* End XCConfigurationList section */

/* Begin XCRemoteSwiftPackageReference section */
		3DCC63C3268B1F8700CB356F /* XCRemoteSwiftPackageReference "SDWebImageSwiftUI" */ = {
			isa = XCRemoteSwiftPackageReference;
			repositoryURL = "https://github.com/SDWebImage/SDWebImageSwiftUI.git";
			requirement = {
				kind = upToNextMajorVersion;
				minimumVersion = 2.0.2;
			};
		};
/* End XCRemoteSwiftPackageReference section */

/* Begin XCSwiftPackageProductDependency section */
		3DCC63C4268B1F8700CB356F /* SDWebImageSwiftUI */ = {
			isa = XCSwiftPackageProductDependency;
			package = 3DCC63C3268B1F8700CB356F /* XCRemoteSwiftPackageReference "SDWebImageSwiftUI" */;
			productName = SDWebImageSwiftUI;
		};
/* End XCSwiftPackageProductDependency section */
	};
	rootObject = 3DCC6392268B0F2400CB356F /* Project object */;
}
